{
  "version": 1,
  "dependencies": {
    "net9.0": {
      "AWSSDK.SecretsManager": {
        "type": "Direct",
        "requested": "[4.0.0.2, )",
        "resolved": "4.0.0.2",
        "contentHash": "VJ0aBTQZt61LcTnPD4jIHJWxi1o898zvZCWCEd0hGp1onw6pEAB/bxq/OrDVCwX4EZr6y15V84fNQiAEtiMbWw==",
        "dependencies": {
          "AWSSDK.Core": "[4.0.0.3, 5.0.0)"
        }
      },
      "AWSSDK.Core": {
        "type": "Transitive",
        "resolved": "4.0.0.3",
        "contentHash": "pqHRxwcL35Pq2BTkG2ebFBqP4MXNIv2lSV4LGDohYwqdZRYTy50ZIyRoi4psbbDfX98PbcndXAuhkt5USWExcQ=="
      }
    }
  }
}