
Microsoft Visual Studio Solution File, Format Version 12.00
# Visual Studio Version 17
VisualStudioVersion = 17.9.34728.123
MinimumVisualStudioVersion = 10.0.40219.1
Project("{2150E333-8FDC-42A3-9474-1A3956D46DE8}") = "src", "src", "{779F0844-8577-4CC8-82CD-E984319A5682}"
EndProject
Project("{2150E333-8FDC-42A3-9474-1A3956D46DE8}") = ".solution items", ".solution items", "{9AB7A909-B978-430C-91FF-F62760E31E16}"
	ProjectSection(SolutionItems) = preProject
		.editorconfig = .editorconfig
	EndProjectSection
EndProject
Project("{9A19103F-16F7-4668-BE54-9A1E7A4F7556}") = "1. ConfigurationExplorer", "ConfigurationExplorer\1. ConfigurationExplorer.csproj", "{7F0E8527-7404-4B7F-9626-F46292C81EE9}"
EndProject
Project("{9A19103F-16F7-4668-BE54-9A1E7A4F7556}") = "2. ConfigurationProvider", "CustomConfigurationProvider\2. ConfigurationProvider.csproj", "{668C2B89-C977-4A0D-8120-006F13BF2640}"
EndProject
Project("{9A19103F-16F7-4668-BE54-9A1E7A4F7556}") = "3. ConfigurationBinding", "ConfigurationBinding\3. ConfigurationBinding.csproj", "{D2DA94A9-FF64-41C2-8B08-AB74CFD0C865}"
EndProject
Project("{9A19103F-16F7-4668-BE54-9A1E7A4F7556}") = "4. OptionTypes", "OptionTypes\4. OptionTypes.csproj", "{EBE0EAD6-F80B-414A-BE64-3886B3ED738F}"
EndProject
Project("{FAE04EC0-301F-11D3-BF4B-00C04F79EFBC}") = "5. OptionValidation", "OptionValidation\5. OptionValidation.csproj", "{85A67DAC-342A-42C0-9182-EB746150AB90}"
EndProject
Project("{FAE04EC0-301F-11D3-BF4B-00C04F79EFBC}") = "6. OptionConfigure", "OptionConfigure\6. OptionConfigure.csproj", "{5074A6B7-5983-4AB4-A1E3-3B61ED2108EE}"
EndProject
Global
	GlobalSection(SolutionConfigurationPlatforms) = preSolution
		Debug|Any CPU = Debug|Any CPU
		Release|Any CPU = Release|Any CPU
	EndGlobalSection
	GlobalSection(ProjectConfigurationPlatforms) = postSolution
		{7F0E8527-7404-4B7F-9626-F46292C81EE9}.Debug|Any CPU.ActiveCfg = Debug|Any CPU
		{7F0E8527-7404-4B7F-9626-F46292C81EE9}.Debug|Any CPU.Build.0 = Debug|Any CPU
		{7F0E8527-7404-4B7F-9626-F46292C81EE9}.Release|Any CPU.ActiveCfg = Release|Any CPU
		{7F0E8527-7404-4B7F-9626-F46292C81EE9}.Release|Any CPU.Build.0 = Release|Any CPU
		{668C2B89-C977-4A0D-8120-006F13BF2640}.Debug|Any CPU.ActiveCfg = Debug|Any CPU
		{668C2B89-C977-4A0D-8120-006F13BF2640}.Debug|Any CPU.Build.0 = Debug|Any CPU
		{668C2B89-C977-4A0D-8120-006F13BF2640}.Release|Any CPU.ActiveCfg = Release|Any CPU
		{668C2B89-C977-4A0D-8120-006F13BF2640}.Release|Any CPU.Build.0 = Release|Any CPU
		{D2DA94A9-FF64-41C2-8B08-AB74CFD0C865}.Debug|Any CPU.ActiveCfg = Debug|Any CPU
		{D2DA94A9-FF64-41C2-8B08-AB74CFD0C865}.Debug|Any CPU.Build.0 = Debug|Any CPU
		{D2DA94A9-FF64-41C2-8B08-AB74CFD0C865}.Release|Any CPU.ActiveCfg = Release|Any CPU
		{D2DA94A9-FF64-41C2-8B08-AB74CFD0C865}.Release|Any CPU.Build.0 = Release|Any CPU
		{EBE0EAD6-F80B-414A-BE64-3886B3ED738F}.Debug|Any CPU.ActiveCfg = Debug|Any CPU
		{EBE0EAD6-F80B-414A-BE64-3886B3ED738F}.Debug|Any CPU.Build.0 = Debug|Any CPU
		{EBE0EAD6-F80B-414A-BE64-3886B3ED738F}.Release|Any CPU.ActiveCfg = Release|Any CPU
		{EBE0EAD6-F80B-414A-BE64-3886B3ED738F}.Release|Any CPU.Build.0 = Release|Any CPU
		{85A67DAC-342A-42C0-9182-EB746150AB90}.Debug|Any CPU.ActiveCfg = Debug|Any CPU
		{85A67DAC-342A-42C0-9182-EB746150AB90}.Debug|Any CPU.Build.0 = Debug|Any CPU
		{85A67DAC-342A-42C0-9182-EB746150AB90}.Release|Any CPU.ActiveCfg = Release|Any CPU
		{85A67DAC-342A-42C0-9182-EB746150AB90}.Release|Any CPU.Build.0 = Release|Any CPU
		{5074A6B7-5983-4AB4-A1E3-3B61ED2108EE}.Debug|Any CPU.ActiveCfg = Debug|Any CPU
		{5074A6B7-5983-4AB4-A1E3-3B61ED2108EE}.Debug|Any CPU.Build.0 = Debug|Any CPU
		{5074A6B7-5983-4AB4-A1E3-3B61ED2108EE}.Release|Any CPU.ActiveCfg = Release|Any CPU
		{5074A6B7-5983-4AB4-A1E3-3B61ED2108EE}.Release|Any CPU.Build.0 = Release|Any CPU
	EndGlobalSection
	GlobalSection(SolutionProperties) = preSolution
		HideSolutionNode = FALSE
	EndGlobalSection
	GlobalSection(NestedProjects) = preSolution
		{7F0E8527-7404-4B7F-9626-F46292C81EE9} = {779F0844-8577-4CC8-82CD-E984319A5682}
		{668C2B89-C977-4A0D-8120-006F13BF2640} = {779F0844-8577-4CC8-82CD-E984319A5682}
		{D2DA94A9-FF64-41C2-8B08-AB74CFD0C865} = {779F0844-8577-4CC8-82CD-E984319A5682}
		{EBE0EAD6-F80B-414A-BE64-3886B3ED738F} = {779F0844-8577-4CC8-82CD-E984319A5682}
		{85A67DAC-342A-42C0-9182-EB746150AB90} = {779F0844-8577-4CC8-82CD-E984319A5682}
		{5074A6B7-5983-4AB4-A1E3-3B61ED2108EE} = {779F0844-8577-4CC8-82CD-E984319A5682}
	EndGlobalSection
	GlobalSection(ExtensibilityGlobals) = postSolution
		SolutionGuid = {506CCF05-EB9B-459D-8C53-DDCDE7CA0ED3}
	EndGlobalSection
EndGlobal
