{
  "version": 1,
  "dependencies": {
    "net9.0": {
      "Microsoft.DotNet.ILCompiler": {
        "type": "Direct",
        "requested": "[8.0.11, )",
        "resolved": "8.0.11",
        "contentHash": "9SWRKJzFrE07m77G/9jSR1lqdlPmKCsQX1UflZEFBGYzmOZ53sjLEEcAiWtnWY0QJ750h2ahciOPO8oVjztQ0g=="
      },
      "Microsoft.NET.ILLink.Tasks": {
        "type": "Direct",
        "requested": "[9.0.1, )",
        "resolved": "9.0.1",
        "contentHash": "BKFAkdhUUJivAoKuSWcT23WH9E+AWQMJootzt9X+lnesOD2a2yNIe1ZQFtxB8H3ayskLBD5gYyIbj5GIfw7rZg=="
      }
    }
  }
}